<?xml version="1.0" encoding="UTF-8" standalone="yes" ?>
<CodeBlocks_project_file>
	<FileVersion major="1" minor="6" />
	<Project>
		<Option title="Project_Align_Rebuild" />
		<Option pch_mode="2" />
		<Option compiler="gcc" />
		<Build>
			<Target title="Debug">
				<Option output="bin/Debug/Project_Align_Rebuild" prefix_auto="1" extension_auto="1" />
				<Option object_output="obj/Debug/" />
				<Option type="1" />
				<Option compiler="gcc" />
				<Compiler>
					<Add option="-g" />
					<Add directory="include" />
					<Add directory="include/runtime" />
					<Add directory="include/Runtime" />
					<Add directory="include/geometry" />
				</Compiler>
			</Target>
			<Target title="Release">
				<Option output="bin/Release/Project_Align_Rebuild" prefix_auto="1" extension_auto="1" />
				<Option object_output="obj/Release/" />
				<Option type="1" />
				<Option compiler="gcc" />
				<Compiler>
					<Add option="-O2" />
					<Add directory="include" />
					<Add directory="include/geometry" />
					<Add directory="include/runtime" />
				</Compiler>
				<Linker>
					<Add option="-s" />
				</Linker>
			</Target>
		</Build>
		<Compiler>
			<Add option="-Wall" />
		</Compiler>
		<Unit filename="PAR_AI_SAVE.txt" />
		<Unit filename="Project_Align_Rebuild.depend" />
		<Unit filename="Project_Align_Rebuild.layout" />
		<Unit filename="Project_Align_Stuct.txt" />
		<Unit filename="README.md" />
		<Unit filename="game/gameLogic.lua" />
		<Unit filename="include/geometry/modifier.hpp" />
		<Unit filename="include/geometry/object.hpp" />
		<Unit filename="include/runtime/Bootstrap.hpp" />
		<Unit filename="include/runtime/DebugAndLogRuntime.hpp" />
		<Unit filename="include/runtime/ErrorHandler.hpp" />
		<Unit filename="include/runtime/LuaRuntime.hpp" />
		<Unit filename="include/runtime/RenderRuntime.hpp" />
		<Unit filename="include/runtime/SupervisorRuntime.hpp" />
		<Unit filename="include/runtime/runtimeManger.hpp" />
		<Unit filename="src/geometry/modifier.cpp" />
		<Unit filename="src/geometry/object.cpp" />
		<Unit filename="src/main.cpp" />
		<Unit filename="src/runtime/Bootstrap.cpp" />
		<Unit filename="src/runtime/DebugAndLogRuntime.cpp" />
		<Unit filename="src/runtime/ErrorHandler.cpp" />
		<Unit filename="src/runtime/LuaRuntime.cpp" />
		<Unit filename="src/runtime/RenderRuntime.cpp" />
		<Unit filename="src/runtime/SupervisorRuntime.cpp" />
		<Unit filename="src/runtime/runtimeManger.cpp" />
		<Extensions>
			<code_completion>
				<search_path add="/home/unk331/CodeProject/Project_Align_Rebuild/game" />
			</code_completion>
			<lib_finder disable_auto="1" />
		</Extensions>
	</Project>
</CodeBlocks_project_file>
